
Microsoft Visual Studio Solution File, Format Version 12.00
# Visual Studio Version 17
VisualStudioVersion = 17.14.36429.23 d17.14
MinimumVisualStudioVersion = 10.0.40219.1
Project("{888888A0-9F3D-457C-B088-3A5042F75D52}") = "robolight", "robolight.pyproj", "{A67048C7-440B-446F-89B8-6C4F5508A4E2}"
EndProject
Global
	GlobalSection(SolutionConfigurationPlatforms) = preSolution
		Debug|Any CPU = Debug|Any CPU
		Release|Any CPU = Release|Any CPU
	EndGlobalSection
	GlobalSection(ProjectConfigurationPlatforms) = postSolution
		{A67048C7-440B-446F-89B8-6C4F5508A4E2}.Debug|Any CPU.ActiveCfg = Debug|Any CPU
		{A67048C7-440B-446F-89B8-6C4F5508A4E2}.Release|Any CPU.ActiveCfg = Release|Any CPU
	EndGlobalSection
	GlobalSection(SolutionProperties) = preSolution
		HideSolutionNode = FALSE
	EndGlobalSection
	GlobalSection(ExtensibilityGlobals) = postSolution
		SolutionGuid = {6FB8B075-8DF9-45EA-A84F-33D63C350C2F}
	EndGlobalSection
EndGlobal
